
Microsoft Visual Studio Solution File, Format Version 12.00
# Visual Studio Version 16
VisualStudioVersion = 16.0.32106.194
MinimumVisualStudioVersion = 10.0.40219.1
Project("{FAE04EC0-301F-11D3-BF4B-00C04F79EFBC}") = "ELearner", "ELearner\ELearner.csproj", "{6CAF45E2-6148-4D89-B78C-E3FAAC72ABB7}"
EndProject
Global
	GlobalSection(SolutionConfigurationPlatforms) = preSolution
		Debug|Any CPU = Debug|Any CPU
		Release|Any CPU = Release|Any CPU
	EndGlobalSection
	GlobalSection(ProjectConfigurationPlatforms) = postSolution
		{6CAF45E2-6148-4D89-B78C-E3FAAC72ABB7}.Debug|Any CPU.ActiveCfg = Debug|Any CPU
		{6CAF45E2-6148-4D89-B78C-E3FAAC72ABB7}.Debug|Any CPU.Build.0 = Debug|Any CPU
		{6CAF45E2-6148-4D89-B78C-E3FAAC72ABB7}.Release|Any CPU.ActiveCfg = Release|Any CPU
		{6CAF45E2-6148-4D89-B78C-E3FAAC72ABB7}.Release|Any CPU.Build.0 = Release|Any CPU
	EndGlobalSection
	GlobalSection(SolutionProperties) = preSolution
		HideSolutionNode = FALSE
	EndGlobalSection
	GlobalSection(ExtensibilityGlobals) = postSolution
		SolutionGuid = {563C67A2-4988-47FF-BCE3-E31E3E3449A0}
	EndGlobalSection
EndGlobal
